
Microsoft Visual Studio Solution File, Format Version 12.00
# Visual Studio Version 17
VisualStudioVersion = 17.11.35303.130
MinimumVisualStudioVersion = 10.0.40219.1
Project("{2150E333-8FDC-42A3-9474-1A3956D46DE8}") = "Task0", "Task0", "{AC23B72B-6B9C-463C-B1EF-BB2EEC2FC2A0}"
EndProject
Project("{9A19103F-16F7-4668-BE54-9A1E7A4F7556}") = "Tyuiu.BerezovskayaGO.Sprint5.Task0.V26", "Tyuiu.BerezovskayaGO.Sprint5.Task0.V26\Tyuiu.BerezovskayaGO.Sprint5.Task0.V26.csproj", "{B094CF43-C08B-4238-90CE-E8838BDD2D07}"
EndProject
Project("{9A19103F-16F7-4668-BE54-9A1E7A4F7556}") = "Tyuiu.BerezovskayaGO.Sprint5.Task0.V26.Lib", "Tyuiu.BerezovskayaGO.Sprint5.Task0.V26.Lib\Tyuiu.BerezovskayaGO.Sprint5.Task0.V26.Lib.csproj", "{154D8DA2-4D46-445F-8CEB-680C98CEB02C}"
EndProject
Project("{9A19103F-16F7-4668-BE54-9A1E7A4F7556}") = "Tyuiu.BerezovskayaGO.Sprint5.Task0.V26.Test", "Tyuiu.BerezovskayaGO.Sprint5.Task0.V26.Test\Tyuiu.BerezovskayaGO.Sprint5.Task0.V26.Test.csproj", "{BE360E43-70C9-4D37-BB32-7D908E783C4B}"
EndProject
Project("{2150E333-8FDC-42A3-9474-1A3956D46DE8}") = "Task1", "Task1", "{EBCDEA6C-2EF3-4B50-A719-714729C6634D}"
EndProject
Project("{9A19103F-16F7-4668-BE54-9A1E7A4F7556}") = "Tyuiu.BerezovskayaGO.Sprint5.Task1.V16", "Tyuiu.BerezovskayaGO.Sprint5.Task1.V16\Tyuiu.BerezovskayaGO.Sprint5.Task1.V16.csproj", "{5E29DCC0-6F27-4A58-9399-4F497CFB502E}"
EndProject
Project("{9A19103F-16F7-4668-BE54-9A1E7A4F7556}") = "Tyuiu.BerezovskayaGO.Sprint5.Task1.V16.Lib", "Tyuiu.BerezovskayaGO.Sprint5.Task1.V16.Lib\Tyuiu.BerezovskayaGO.Sprint5.Task1.V16.Lib.csproj", "{823D3EC9-6AC9-4047-ACD7-DECC071C4164}"
EndProject
Project("{9A19103F-16F7-4668-BE54-9A1E7A4F7556}") = "Tyuiu.BerezovskayaGO.Sprint5.Task1.V16.Test", "Tyuiu.BerezovskayaGO.Sprint5.Task1.V16.Test\Tyuiu.BerezovskayaGO.Sprint5.Task1.V16.Test.csproj", "{D5A36D7E-8981-483E-A304-8912BC31898E}"
EndProject
Project("{2150E333-8FDC-42A3-9474-1A3956D46DE8}") = "Task2", "Task2", "{4A6D5C74-CCBA-4683-97B4-3E1C539CE59D}"
EndProject
Project("{9A19103F-16F7-4668-BE54-9A1E7A4F7556}") = "Tyuiu.BerezovskayaGO.Sprint5.Task2.V30", "Tyuiu.BerezovskayaGO.Sprint5.Task2.V30\Tyuiu.BerezovskayaGO.Sprint5.Task2.V30.csproj", "{4F0A4094-71D8-40EE-9165-81E0F9FDDFBE}"
EndProject
Project("{9A19103F-16F7-4668-BE54-9A1E7A4F7556}") = "Tyuiu.BerezovskayaGO.Sprint5.Task2.V30.Lib", "Tyuiu.BerezovskayaGO.Sprint5.Task2.V30.Lib\Tyuiu.BerezovskayaGO.Sprint5.Task2.V30.Lib.csproj", "{C489463A-268D-4658-9866-55C9250366A9}"
EndProject
Project("{9A19103F-16F7-4668-BE54-9A1E7A4F7556}") = "Tyuiu.BerezovskayaGO.Sprint5.Task2.V30.Test", "Tyuiu.BerezovskayaGO.Sprint5.Task2.V30.Test\Tyuiu.BerezovskayaGO.Sprint5.Task2.V30.Test.csproj", "{CA49D386-65E0-445C-9C75-9EEF301A7E21}"
EndProject
Project("{2150E333-8FDC-42A3-9474-1A3956D46DE8}") = "Task3", "Task3", "{826C133F-2F47-42A0-AFF9-32008A573B83}"
EndProject
Project("{FAE04EC0-301F-11D3-BF4B-00C04F79EFBC}") = "Tyuiu.BerezovskayaGO.Sprint5.Task3.V10", "Tyuiu.BerezovskayaGO.Sprint5.Task3.V10\Tyuiu.BerezovskayaGO.Sprint5.Task3.V10.csproj", "{0954B3B2-B3E1-418E-B674-F809B19BCA83}"
EndProject
Project("{FAE04EC0-301F-11D3-BF4B-00C04F79EFBC}") = "Tyuiu.BerezovskayaGO.Sprint5.Task3.V10.Lib", "Tyuiu.BerezovskayaGO.Sprint5.Task3.V10.Lib\Tyuiu.BerezovskayaGO.Sprint5.Task3.V10.Lib.csproj", "{A508C132-089C-46ED-85D2-F7E55D793022}"
EndProject
Project("{FAE04EC0-301F-11D3-BF4B-00C04F79EFBC}") = "Tyuiu.BerezovskayaGO.Sprint5.Task3.V10.Test", "Tyuiu.BerezovskayaGO.Sprint5.Task3.V10.Test\Tyuiu.BerezovskayaGO.Sprint5.Task3.V10.Test.csproj", "{D4688F87-8FC2-428E-BED4-612344AF12AD}"
EndProject
Global
	GlobalSection(SolutionConfigurationPlatforms) = preSolution
		Debug|Any CPU = Debug|Any CPU
		Release|Any CPU = Release|Any CPU
	EndGlobalSection
	GlobalSection(ProjectConfigurationPlatforms) = postSolution
		{B094CF43-C08B-4238-90CE-E8838BDD2D07}.Debug|Any CPU.ActiveCfg = Debug|Any CPU
		{B094CF43-C08B-4238-90CE-E8838BDD2D07}.Debug|Any CPU.Build.0 = Debug|Any CPU
		{B094CF43-C08B-4238-90CE-E8838BDD2D07}.Release|Any CPU.ActiveCfg = Release|Any CPU
		{B094CF43-C08B-4238-90CE-E8838BDD2D07}.Release|Any CPU.Build.0 = Release|Any CPU
		{154D8DA2-4D46-445F-8CEB-680C98CEB02C}.Debug|Any CPU.ActiveCfg = Debug|Any CPU
		{154D8DA2-4D46-445F-8CEB-680C98CEB02C}.Debug|Any CPU.Build.0 = Debug|Any CPU
		{154D8DA2-4D46-445F-8CEB-680C98CEB02C}.Release|Any CPU.ActiveCfg = Release|Any CPU
		{154D8DA2-4D46-445F-8CEB-680C98CEB02C}.Release|Any CPU.Build.0 = Release|Any CPU
		{BE360E43-70C9-4D37-BB32-7D908E783C4B}.Debug|Any CPU.ActiveCfg = Debug|Any CPU
		{BE360E43-70C9-4D37-BB32-7D908E783C4B}.Debug|Any CPU.Build.0 = Debug|Any CPU
		{BE360E43-70C9-4D37-BB32-7D908E783C4B}.Release|Any CPU.ActiveCfg = Release|Any CPU
		{BE360E43-70C9-4D37-BB32-7D908E783C4B}.Release|Any CPU.Build.0 = Release|Any CPU
		{5E29DCC0-6F27-4A58-9399-4F497CFB502E}.Debug|Any CPU.ActiveCfg = Debug|Any CPU
		{5E29DCC0-6F27-4A58-9399-4F497CFB502E}.Debug|Any CPU.Build.0 = Debug|Any CPU
		{5E29DCC0-6F27-4A58-9399-4F497CFB502E}.Release|Any CPU.ActiveCfg = Release|Any CPU
		{5E29DCC0-6F27-4A58-9399-4F497CFB502E}.Release|Any CPU.Build.0 = Release|Any CPU
		{823D3EC9-6AC9-4047-ACD7-DECC071C4164}.Debug|Any CPU.ActiveCfg = Debug|Any CPU
		{823D3EC9-6AC9-4047-ACD7-DECC071C4164}.Debug|Any CPU.Build.0 = Debug|Any CPU
		{823D3EC9-6AC9-4047-ACD7-DECC071C4164}.Release|Any CPU.ActiveCfg = Release|Any CPU
		{823D3EC9-6AC9-4047-ACD7-DECC071C4164}.Release|Any CPU.Build.0 = Release|Any CPU
		{D5A36D7E-8981-483E-A304-8912BC31898E}.Debug|Any CPU.ActiveCfg = Debug|Any CPU
		{D5A36D7E-8981-483E-A304-8912BC31898E}.Debug|Any CPU.Build.0 = Debug|Any CPU
		{D5A36D7E-8981-483E-A304-8912BC31898E}.Release|Any CPU.ActiveCfg = Release|Any CPU
		{D5A36D7E-8981-483E-A304-8912BC31898E}.Release|Any CPU.Build.0 = Release|Any CPU
		{4F0A4094-71D8-40EE-9165-81E0F9FDDFBE}.Debug|Any CPU.ActiveCfg = Debug|Any CPU
		{4F0A4094-71D8-40EE-9165-81E0F9FDDFBE}.Debug|Any CPU.Build.0 = Debug|Any CPU
		{4F0A4094-71D8-40EE-9165-81E0F9FDDFBE}.Release|Any CPU.ActiveCfg = Release|Any CPU
		{4F0A4094-71D8-40EE-9165-81E0F9FDDFBE}.Release|Any CPU.Build.0 = Release|Any CPU
		{C489463A-268D-4658-9866-55C9250366A9}.Debug|Any CPU.ActiveCfg = Debug|Any CPU
		{C489463A-268D-4658-9866-55C9250366A9}.Debug|Any CPU.Build.0 = Debug|Any CPU
		{C489463A-268D-4658-9866-55C9250366A9}.Release|Any CPU.ActiveCfg = Release|Any CPU
		{C489463A-268D-4658-9866-55C9250366A9}.Release|Any CPU.Build.0 = Release|Any CPU
		{CA49D386-65E0-445C-9C75-9EEF301A7E21}.Debug|Any CPU.ActiveCfg = Debug|Any CPU
		{CA49D386-65E0-445C-9C75-9EEF301A7E21}.Debug|Any CPU.Build.0 = Debug|Any CPU
		{CA49D386-65E0-445C-9C75-9EEF301A7E21}.Release|Any CPU.ActiveCfg = Release|Any CPU
		{CA49D386-65E0-445C-9C75-9EEF301A7E21}.Release|Any CPU.Build.0 = Release|Any CPU
		{0954B3B2-B3E1-418E-B674-F809B19BCA83}.Debug|Any CPU.ActiveCfg = Debug|Any CPU
		{0954B3B2-B3E1-418E-B674-F809B19BCA83}.Debug|Any CPU.Build.0 = Debug|Any CPU
		{0954B3B2-B3E1-418E-B674-F809B19BCA83}.Release|Any CPU.ActiveCfg = Release|Any CPU
		{0954B3B2-B3E1-418E-B674-F809B19BCA83}.Release|Any CPU.Build.0 = Release|Any CPU
		{A508C132-089C-46ED-85D2-F7E55D793022}.Debug|Any CPU.ActiveCfg = Debug|Any CPU
		{A508C132-089C-46ED-85D2-F7E55D793022}.Debug|Any CPU.Build.0 = Debug|Any CPU
		{A508C132-089C-46ED-85D2-F7E55D793022}.Release|Any CPU.ActiveCfg = Release|Any CPU
		{A508C132-089C-46ED-85D2-F7E55D793022}.Release|Any CPU.Build.0 = Release|Any CPU
		{D4688F87-8FC2-428E-BED4-612344AF12AD}.Debug|Any CPU.ActiveCfg = Debug|Any CPU
		{D4688F87-8FC2-428E-BED4-612344AF12AD}.Debug|Any CPU.Build.0 = Debug|Any CPU
		{D4688F87-8FC2-428E-BED4-612344AF12AD}.Release|Any CPU.ActiveCfg = Release|Any CPU
		{D4688F87-8FC2-428E-BED4-612344AF12AD}.Release|Any CPU.Build.0 = Release|Any CPU
	EndGlobalSection
	GlobalSection(SolutionProperties) = preSolution
		HideSolutionNode = FALSE
	EndGlobalSection
	GlobalSection(NestedProjects) = preSolution
		{B094CF43-C08B-4238-90CE-E8838BDD2D07} = {AC23B72B-6B9C-463C-B1EF-BB2EEC2FC2A0}
		{154D8DA2-4D46-445F-8CEB-680C98CEB02C} = {AC23B72B-6B9C-463C-B1EF-BB2EEC2FC2A0}
		{BE360E43-70C9-4D37-BB32-7D908E783C4B} = {AC23B72B-6B9C-463C-B1EF-BB2EEC2FC2A0}
		{5E29DCC0-6F27-4A58-9399-4F497CFB502E} = {EBCDEA6C-2EF3-4B50-A719-714729C6634D}
		{823D3EC9-6AC9-4047-ACD7-DECC071C4164} = {EBCDEA6C-2EF3-4B50-A719-714729C6634D}
		{D5A36D7E-8981-483E-A304-8912BC31898E} = {EBCDEA6C-2EF3-4B50-A719-714729C6634D}
		{4F0A4094-71D8-40EE-9165-81E0F9FDDFBE} = {4A6D5C74-CCBA-4683-97B4-3E1C539CE59D}
		{C489463A-268D-4658-9866-55C9250366A9} = {4A6D5C74-CCBA-4683-97B4-3E1C539CE59D}
		{CA49D386-65E0-445C-9C75-9EEF301A7E21} = {4A6D5C74-CCBA-4683-97B4-3E1C539CE59D}
		{0954B3B2-B3E1-418E-B674-F809B19BCA83} = {826C133F-2F47-42A0-AFF9-32008A573B83}
		{A508C132-089C-46ED-85D2-F7E55D793022} = {826C133F-2F47-42A0-AFF9-32008A573B83}
		{D4688F87-8FC2-428E-BED4-612344AF12AD} = {826C133F-2F47-42A0-AFF9-32008A573B83}
	EndGlobalSection
	GlobalSection(ExtensibilityGlobals) = postSolution
		SolutionGuid = {673AF5A4-BF14-482E-8DAC-38EAC5468B89}
	EndGlobalSection
EndGlobal
